
Microsoft Visual Studio Solution File, Format Version 12.00
# Visual Studio Version 16
VisualStudioVersion = 16.0.31321.278
MinimumVisualStudioVersion = 10.0.40219.1
Project("{FAE04EC0-301F-11D3-BF4B-00C04F79EFBC}") = "ASP2236903", "ASP2236903\ASP2236903.csproj", "{92807F9F-8309-4B3F-8276-AFBF56F62B18}"
EndProject
Global
	GlobalSection(SolutionConfigurationPlatforms) = preSolution
		Debug|Any CPU = Debug|Any CPU
		Release|Any CPU = Release|Any CPU
	EndGlobalSection
	GlobalSection(ProjectConfigurationPlatforms) = postSolution
		{92807F9F-8309-4B3F-8276-AFBF56F62B18}.Debug|Any CPU.ActiveCfg = Debug|Any CPU
		{92807F9F-8309-4B3F-8276-AFBF56F62B18}.Debug|Any CPU.Build.0 = Debug|Any CPU
		{92807F9F-8309-4B3F-8276-AFBF56F62B18}.Release|Any CPU.ActiveCfg = Release|Any CPU
		{92807F9F-8309-4B3F-8276-AFBF56F62B18}.Release|Any CPU.Build.0 = Release|Any CPU
	EndGlobalSection
	GlobalSection(SolutionProperties) = preSolution
		HideSolutionNode = FALSE
	EndGlobalSection
	GlobalSection(ExtensibilityGlobals) = postSolution
		SolutionGuid = {A2ECAFD9-DBEA-448A-A613-52024CC292C4}
	EndGlobalSection
EndGlobal
